// !$*UTF8*$!
{
	archiveVersion = 1;
	classes = {
	};
	objectVersion = 50;
	objects = {

/* Begin PBXBuildFile section */
		1C81C71A24CAEB7400747052 /* AppDelegate.swift in Sources */ = {isa = PBXBuildFile; fileRef = 1C81C71924CAEB7400747052 /* AppDelegate.swift */; };
		1C81C71C24CAEB7400747052 /* SceneDelegate.swift in Sources */ = {isa = PBXBuildFile; fileRef = 1C81C71B24CAEB7400747052 /* SceneDelegate.swift */; };
		1C81C71E24CAEB7400747052 /* ViewController.swift in Sources */ = {isa = PBXBuildFile; fileRef = 1C81C71D24CAEB7400747052 /* ViewController.swift */; };
		1C81C72124CAEB7400747052 /* Main.storyboard in Resources */ = {isa = PBXBuildFile; fileRef = 1C81C71F24CAEB7400747052 /* Main.storyboard */; };
		1C81C72324CAEB7500747052 /* Assets.xcassets in Resources */ = {isa = PBXBuildFile; fileRef = 1C81C72224CAEB7500747052 /* Assets.xcassets */; };
		1C81C72624CAEB7500747052 /* LaunchScreen.storyboard in Resources */ = {isa = PBXBuildFile; fileRef = 1C81C72424CAEB7500747052 /* LaunchScreen.storyboard */; };
		1C81C73124CAEB7600747052 /* MailComposerTests.swift in Sources */ = {isa = PBXBuildFile; fileRef = 1C81C73024CAEB7600747052 /* MailComposerTests.swift */; };
		1C81C73C24CAEBBD00747052 /* MailComposer.swift in Sources */ = {isa = PBXBuildFile; fileRef = 1C81C73B24CAEBBD00747052 /* MailComposer.swift */; };
/* End PBXBuildFile section */

/* Begin PBXContainerItemProxy section */
		1C81C72D24CAEB7600747052 /* PBXContainerItemProxy */ = {
			isa = PBXContainerItemProxy;
			containerPortal = 1C81C70E24CAEB7400747052 /* Project object */;
			proxyType = 1;
			remoteGlobalIDString = 1C81C71524CAEB7400747052;
			remoteInfo = MailComposer;
		};
/* End PBXContainerItemProxy section */

/* Begin PBXFileReference section */
		1C81C71624CAEB7400747052 /* MailComposer.app */ = {isa = PBXFileReference; explicitFileType = wrapper.application; includeInIndex = 0; path = MailComposer.app; sourceTree = BUILT_PRODUCTS_DIR; };
		1C81C71924CAEB7400747052 /* AppDelegate.swift */ = {isa = PBXFileReference; lastKnownFileType = sourcecode.swift; path = AppDelegate.swift; sourceTree = "<group>"; };
		1C81C71B24CAEB7400747052 /* SceneDelegate.swift */ = {isa = PBXFileReference; lastKnownFileType = sourcecode.swift; path = SceneDelegate.swift; sourceTree = "<group>"; };
		1C81C71D24CAEB7400747052 /* ViewController.swift */ = {isa = PBXFileReference; lastKnownFileType = sourcecode.swift; path = ViewController.swift; sourceTree = "<group>"; };
		1C81C72024CAEB7400747052 /* Base */ = {isa = PBXFileReference; lastKnownFileType = file.storyboard; name = Base; path = Base.lproj/Main.storyboard; sourceTree = "<group>"; };
		1C81C72224CAEB7500747052 /* Assets.xcassets */ = {isa = PBXFileReference; lastKnownFileType = folder.assetcatalog; path = Assets.xcassets; sourceTree = "<group>"; };
		1C81C72524CAEB7500747052 /* Base */ = {isa = PBXFileReference; lastKnownFileType = file.storyboard; name = Base; path = Base.lproj/LaunchScreen.storyboard; sourceTree = "<group>"; };
		1C81C72724CAEB7500747052 /* Info.plist */ = {isa = PBXFileReference; lastKnownFileType = text.plist.xml; path = Info.plist; sourceTree = "<group>"; };
		1C81C72C24CAEB7600747052 /* MailComposerTests.xctest */ = {isa = PBXFileReference; explicitFileType = wrapper.cfbundle; includeInIndex = 0; path = MailComposerTests.xctest; sourceTree = BUILT_PRODUCTS_DIR; };
		1C81C73024CAEB7600747052 /* MailComposerTests.swift */ = {isa = PBXFileReference; lastKnownFileType = sourcecode.swift; path = MailComposerTests.swift; sourceTree = "<group>"; };
		1C81C73224CAEB7600747052 /* Info.plist */ = {isa = PBXFileReference; lastKnownFileType = text.plist.xml; path = Info.plist; sourceTree = "<group>"; };
		1C81C73B24CAEBBD00747052 /* MailComposer.swift */ = {isa = PBXFileReference; lastKnownFileType = sourcecode.swift; path = MailComposer.swift; sourceTree = "<group>"; };
/* End PBXFileReference section */

/* Begin PBXFrameworksBuildPhase section */
		1C81C71324CAEB7400747052 /* Frameworks */ = {
			isa = PBXFrameworksBuildPhase;
			buildActionMask = 2147483647;
			files = (
			);
			runOnlyForDeploymentPostprocessing = 0;
		};
		1C81C72924CAEB7600747052 /* Frameworks */ = {
			isa = PBXFrameworksBuildPhase;
			buildActionMask = 2147483647;
			files = (
			);
			runOnlyForDeploymentPostprocessing = 0;
		};
/* End PBXFrameworksBuildPhase section */

/* Begin PBXGroup section */
		1C81C70D24CAEB7400747052 = {
			isa = PBXGroup;
			children = (
				1C81C73B24CAEBBD00747052 /* MailComposer.swift */,
				1C81C71824CAEB7400747052 /* MailComposer */,
				1C81C72F24CAEB7600747052 /* MailComposerTests */,
				1C81C71724CAEB7400747052 /* Products */,
			);
			sourceTree = "<group>";
		};
		1C81C71724CAEB7400747052 /* Products */ = {
			isa = PBXGroup;
			children = (
				1C81C71624CAEB7400747052 /* MailComposer.app */,
				1C81C72C24CAEB7600747052 /* MailComposerTests.xctest */,
			);
			name = Products;
			sourceTree = "<group>";
		};
		1C81C71824CAEB7400747052 /* MailComposer */ = {
			isa = PBXGroup;
			children = (
				1C81C71924CAEB7400747052 /* AppDelegate.swift */,
				1C81C71B24CAEB7400747052 /* SceneDelegate.swift */,
				1C81C71D24CAEB7400747052 /* ViewController.swift */,
				1C81C71F24CAEB7400747052 /* Main.storyboard */,
				1C81C72224CAEB7500747052 /* Assets.xcassets */,
				1C81C72424CAEB7500747052 /* LaunchScreen.storyboard */,
				1C81C72724CAEB7500747052 /* Info.plist */,
			);
			path = MailComposer;
			sourceTree = "<group>";
		};
		1C81C72F24CAEB7600747052 /* MailComposerTests */ = {
			isa = PBXGroup;
			children = (
				1C81C73024CAEB7600747052 /* MailComposerTests.swift */,
				1C81C73224CAEB7600747052 /* Info.plist */,
			);
			path = MailComposerTests;
			sourceTree = "<group>";
		};
/* End PBXGroup section */

/* Begin PBXNativeTarget section */
		1C81C71524CAEB7400747052 /* MailComposer */ = {
			isa = PBXNativeTarget;
			buildConfigurationList = 1C81C73524CAEB7600747052 /* Build configuration list for PBXNativeTarget "MailComposer" */;
			buildPhases = (
				1C81C71224CAEB7400747052 /* Sources */,
				1C81C71324CAEB7400747052 /* Frameworks */,
				1C81C71424CAEB7400747052 /* Resources */,
			);
			buildRules = (
			);
			dependencies = (
			);
			name = MailComposer;
			productName = MailComposer;
			productReference = 1C81C71624CAEB7400747052 /* MailComposer.app */;
			productType = "com.apple.product-type.application";
		};
		1C81C72B24CAEB7600747052 /* MailComposerTests */ = {
			isa = PBXNativeTarget;
			buildConfigurationList = 1C81C73824CAEB7600747052 /* Build configuration list for PBXNativeTarget "MailComposerTests" */;
			buildPhases = (
				1C81C72824CAEB7600747052 /* Sources */,
				1C81C72924CAEB7600747052 /* Frameworks */,
				1C81C72A24CAEB7600747052 /* Resources */,
			);
			buildRules = (
			);
			dependencies = (
				1C81C72E24CAEB7600747052 /* PBXTargetDependency */,
			);
			name = MailComposerTests;
			productName = MailComposerTests;
			productReference = 1C81C72C24CAEB7600747052 /* MailComposerTests.xctest */;
			productType = "com.apple.product-type.bundle.unit-test";
		};
/* End PBXNativeTarget section */

/* Begin PBXProject section */
		1C81C70E24CAEB7400747052 /* Project object */ = {
			isa = PBXProject;
			attributes = {
				LastSwiftUpdateCheck = 1120;
				LastUpgradeCheck = 1120;
				ORGANIZATIONNAME = "Ravi Kiran HR";
				TargetAttributes = {
					1C81C71524CAEB7400747052 = {
						CreatedOnToolsVersion = 11.2.1;
					};
					1C81C72B24CAEB7600747052 = {
						CreatedOnToolsVersion = 11.2.1;
						TestTargetID = 1C81C71524CAEB7400747052;
					};
				};
			};
			buildConfigurationList = 1C81C71124CAEB7400747052 /* Build configuration list for PBXProject "MailComposer" */;
			compatibilityVersion = "Xcode 9.3";
			developmentRegion = en;
			hasScannedForEncodings = 0;
			knownRegions = (
				en,
				Base,
			);
			mainGroup = 1C81C70D24CAEB7400747052;
			productRefGroup = 1C81C71724CAEB7400747052 /* Products */;
			projectDirPath = "";
			projectRoot = "";
			targets = (
				1C81C71524CAEB7400747052 /* MailComposer */,
				1C81C72B24CAEB7600747052 /* MailComposerTests */,
			);
		};
/* End PBXProject section */

/* Begin PBXResourcesBuildPhase section */
		1C81C71424CAEB7400747052 /* Resources */ = {
			isa = PBXResourcesBuildPhase;
			buildActionMask = 2147483647;
			files = (
				1C81C72624CAEB7500747052 /* LaunchScreen.storyboard in Resources */,
				1C81C72324CAEB7500747052 /* Assets.xcassets in Resources */,
				1C81C72124CAEB7400747052 /* Main.storyboard in Resources */,
			);
			runOnlyForDeploymentPostprocessing = 0;
		};
		1C81C72A24CAEB7600747052 /* Resources */ = {
			isa = PBXResourcesBuildPhase;
			buildActionMask = 2147483647;
			files = (
			);
			runOnlyForDeploymentPostprocessing = 0;
		};
/* End PBXResourcesBuildPhase section */

/* Begin PBXSourcesBuildPhase section */
		1C81C71224CAEB7400747052 /* Sources */ = {
			isa = PBXSourcesBuildPhase;
			buildActionMask = 2147483647;
			files = (
				1C81C73C24CAEBBD00747052 /* MailComposer.swift in Sources */,
				1C81C71E24CAEB7400747052 /* ViewController.swift in Sources */,
				1C81C71A24CAEB7400747052 /* AppDelegate.swift in Sources */,
				1C81C71C24CAEB7400747052 /* SceneDelegate.swift in Sources */,
			);
			runOnlyForDeploymentPostprocessing = 0;
		};
		1C81C72824CAEB7600747052 /* Sources */ = {
			isa = PBXSourcesBuildPhase;
			buildActionMask = 2147483647;
			files = (
				1C81C73124CAEB7600747052 /* MailComposerTests.swift in Sources */,
			);
			runOnlyForDeploymentPostprocessing = 0;
		};
/* End PBXSourcesBuildPhase section */

/* Begin PBXTargetDependency section */
		1C81C72E24CAEB7600747052 /* PBXTargetDependency */ = {
			isa = PBXTargetDependency;
			target = 1C81C71524CAEB7400747052 /* MailComposer */;
			targetProxy = 1C81C72D24CAEB7600747052 /* PBXContainerItemProxy */;
		};
/* End PBXTargetDependency section */

/* Begin PBXVariantGroup section */
		1C81C71F24CAEB7400747052 /* Main.storyboard */ = {
			isa = PBXVariantGroup;
			children = (
				1C81C72024CAEB7400747052 /* Base */,
			);
			name = Main.storyboard;
			sourceTree = "<group>";
		};
		1C81C72424CAEB7500747052 /* LaunchScreen.storyboard */ = {
			isa = PBXVariantGroup;
			children = (
				1C81C72524CAEB7500747052 /* Base */,
			);
			name = LaunchScreen.storyboard;
			sourceTree = "<group>";
		};
/* End PBXVariantGroup section */

/* Begin XCBuildConfiguration section */
		1C81C73324CAEB7600747052 /* Debug */ = {
			isa = XCBuildConfiguration;
			buildSettings = {
				ALWAYS_SEARCH_USER_PATHS = NO;
				CLANG_ANALYZER_NONNULL = YES;
				CLANG_ANALYZER_NUMBER_OBJECT_CONVERSION = YES_AGGRESSIVE;
				CLANG_CXX_LANGUAGE_STANDARD = "gnu++14";
				CLANG_CXX_LIBRARY = "libc++";
				CLANG_ENABLE_MODULES = YES;
				CLANG_ENABLE_OBJC_ARC = YES;
				CLANG_ENABLE_OBJC_WEAK = YES;
				CLANG_WARN_BLOCK_CAPTURE_AUTORELEASING = YES;
				CLANG_WARN_BOOL_CONVERSION = YES;
				CLANG_WARN_COMMA = YES;
				CLANG_WARN_CONSTANT_CONVERSION = YES;
				CLANG_WARN_DEPRECATED_OBJC_IMPLEMENTATIONS = YES;
				CLANG_WARN_DIRECT_OBJC_ISA_USAGE = YES_ERROR;
				CLANG_WARN_DOCUMENTATION_COMMENTS = YES;
				CLANG_WARN_EMPTY_BODY = YES;
				CLANG_WARN_ENUM_CONVERSION = YES;
				CLANG_WARN_INFINITE_RECURSION = YES;
				CLANG_WARN_INT_CONVERSION = YES;
				CLANG_WARN_NON_LITERAL_NULL_CONVERSION = YES;
				CLANG_WARN_OBJC_IMPLICIT_RETAIN_SELF = YES;
				CLANG_WARN_OBJC_LITERAL_CONVERSION = YES;
				CLANG_WARN_OBJC_ROOT_CLASS = YES_ERROR;
				CLANG_WARN_RANGE_LOOP_ANALYSIS = YES;
				CLANG_WARN_STRICT_PROTOTYPES = YES;
				CLANG_WARN_SUSPICIOUS_MOVE = YES;
				CLANG_WARN_UNGUARDED_AVAILABILITY = YES_AGGRESSIVE;
				CLANG_WARN_UNREACHABLE_CODE = YES;
				CLANG_WARN__DUPLICATE_METHOD_MATCH = YES;
				COPY_PHASE_STRIP = NO;
				DEBUG_INFORMATION_FORMAT = dwarf;
				ENABLE_STRICT_OBJC_MSGSEND = YES;
				ENABLE_TESTABILITY = YES;
				GCC_C_LANGUAGE_STANDARD = gnu11;
				GCC_DYNAMIC_NO_PIC = NO;
				GCC_NO_COMMON_BLOCKS = YES;
				GCC_OPTIMIZATION_LEVEL = 0;
				GCC_PREPROCESSOR_DEFINITIONS = (
					"DEBUG=1",
					"$(inherited)",
				);
				GCC_WARN_64_TO_32_BIT_CONVERSION = YES;
				GCC_WARN_ABOUT_RETURN_TYPE = YES_ERROR;
				GCC_WARN_UNDECLARED_SELECTOR = YES;
				GCC_WARN_UNINITIALIZED_AUTOS = YES_AGGRESSIVE;
				GCC_WARN_UNUSED_FUNCTION = YES;
				GCC_WARN_UNUSED_VARIABLE = YES;
				IPHONEOS_DEPLOYMENT_TARGET = 13.2;
				MTL_ENABLE_DEBUG_INFO = INCLUDE_SOURCE;
				MTL_FAST_MATH = YES;
				ONLY_ACTIVE_ARCH = YES;
				SDKROOT = iphoneos;
				SWIFT_ACTIVE_COMPILATION_CONDITIONS = DEBUG;
				SWIFT_OPTIMIZATION_LEVEL = "-Onone";
			};
			name = Debug;
		};
		1C81C73424CAEB7600747052 /* Release */ = {
			isa = XCBuildConfiguration;
			buildSettings = {
				ALWAYS_SEARCH_USER_PATHS = NO;
				CLANG_ANALYZER_NONNULL = YES;
				CLANG_ANALYZER_NUMBER_OBJECT_CONVERSION = YES_AGGRESSIVE;
				CLANG_CXX_LANGUAGE_STANDARD = "gnu++14";
				CLANG_CXX_LIBRARY = "libc++";
				CLANG_ENABLE_MODULES = YES;
				CLANG_ENABLE_OBJC_ARC = YES;
				CLANG_ENABLE_OBJC_WEAK = YES;
				CLANG_WARN_BLOCK_CAPTURE_AUTORELEASING = YES;
				CLANG_WARN_BOOL_CONVERSION = YES;
				CLANG_WARN_COMMA = YES;
				CLANG_WARN_CONSTANT_CONVERSION = YES;
				CLANG_WARN_DEPRECATED_OBJC_IMPLEMENTATIONS = YES;
				CLANG_WARN_DIRECT_OBJC_ISA_USAGE = YES_ERROR;
				CLANG_WARN_DOCUMENTATION_COMMENTS = YES;
				CLANG_WARN_EMPTY_BODY = YES;
				CLANG_WARN_ENUM_CONVERSION = YES;
				CLANG_WARN_INFINITE_RECURSION = YES;
				CLANG_WARN_INT_CONVERSION = YES;
				CLANG_WARN_NON_LITERAL_NULL_CONVERSION = YES;
				CLANG_WARN_OBJC_IMPLICIT_RETAIN_SELF = YES;
				CLANG_WARN_OBJC_LITERAL_CONVERSION = YES;
				CLANG_WARN_OBJC_ROOT_CLASS = YES_ERROR;
				CLANG_WARN_RANGE_LOOP_ANALYSIS = YES;
				CLANG_WARN_STRICT_PROTOTYPES = YES;
				CLANG_WARN_SUSPICIOUS_MOVE = YES;
				CLANG_WARN_UNGUARDED_AVAILABILITY = YES_AGGRESSIVE;
				CLANG_WARN_UNREACHABLE_CODE = YES;
				CLANG_WARN__DUPLICATE_METHOD_MATCH = YES;
				COPY_PHASE_STRIP = NO;
				DEBUG_INFORMATION_FORMAT = "dwarf-with-dsym";
				ENABLE_NS_ASSERTIONS = NO;
				ENABLE_STRICT_OBJC_MSGSEND = YES;
				GCC_C_LANGUAGE_STANDARD = gnu11;
				GCC_NO_COMMON_BLOCKS = YES;
				GCC_WARN_64_TO_32_BIT_CONVERSION = YES;
				GCC_WARN_ABOUT_RETURN_TYPE = YES_ERROR;
				GCC_WARN_UNDECLARED_SELECTOR = YES;
				GCC_WARN_UNINITIALIZED_AUTOS = YES_AGGRESSIVE;
				GCC_WARN_UNUSED_FUNCTION = YES;
				GCC_WARN_UNUSED_VARIABLE = YES;
				IPHONEOS_DEPLOYMENT_TARGET = 13.2;
				MTL_ENABLE_DEBUG_INFO = NO;
				MTL_FAST_MATH = YES;
				SDKROOT = iphoneos;
				SWIFT_COMPILATION_MODE = wholemodule;
				SWIFT_OPTIMIZATION_LEVEL = "-O";
				VALIDATE_PRODUCT = YES;
			};
			name = Release;
		};
		1C81C73624CAEB7600747052 /* Debug */ = {
			isa = XCBuildConfiguration;
			buildSettings = {
				ASSETCATALOG_COMPILER_APPICON_NAME = AppIcon;
				CODE_SIGN_STYLE = Automatic;
				DEVELOPMENT_TEAM = C9C645VSQP;
				INFOPLIST_FILE = MailComposer/Info.plist;
				LD_RUNPATH_SEARCH_PATHS = (
					"$(inherited)",
					"@executable_path/Frameworks",
				);
				PRODUCT_BUNDLE_IDENTIFIER = Philips.OHC.MailComposer;
				PRODUCT_NAME = "$(TARGET_NAME)";
				SWIFT_VERSION = 5.0;
				TARGETED_DEVICE_FAMILY = "1,2";
			};
			name = Debug;
		};
		1C81C73724CAEB7600747052 /* Release */ = {
			isa = XCBuildConfiguration;
			buildSettings = {
				ASSETCATALOG_COMPILER_APPICON_NAME = AppIcon;
				CODE_SIGN_STYLE = Automatic;
				DEVELOPMENT_TEAM = C9C645VSQP;
				INFOPLIST_FILE = MailComposer/Info.plist;
				LD_RUNPATH_SEARCH_PATHS = (
					"$(inherited)",
					"@executable_path/Frameworks",
				);
				PRODUCT_BUNDLE_IDENTIFIER = Philips.OHC.MailComposer;
				PRODUCT_NAME = "$(TARGET_NAME)";
				SWIFT_VERSION = 5.0;
				TARGETED_DEVICE_FAMILY = "1,2";
			};
			name = Release;
		};
		1C81C73924CAEB7600747052 /* Debug */ = {
			isa = XCBuildConfiguration;
			buildSettings = {
				ALWAYS_EMBED_SWIFT_STANDARD_LIBRARIES = YES;
				BUNDLE_LOADER = "$(TEST_HOST)";
				CODE_SIGN_STYLE = Automatic;
				DEVELOPMENT_TEAM = C9C645VSQP;
				INFOPLIST_FILE = MailComposerTests/Info.plist;
				IPHONEOS_DEPLOYMENT_TARGET = 13.2;
				LD_RUNPATH_SEARCH_PATHS = (
					"$(inherited)",
					"@executable_path/Frameworks",
					"@loader_path/Frameworks",
				);
				PRODUCT_BUNDLE_IDENTIFIER = Philips.OHC.MailComposerTests;
				PRODUCT_NAME = "$(TARGET_NAME)";
				SWIFT_VERSION = 5.0;
				TARGETED_DEVICE_FAMILY = "1,2";
				TEST_HOST = "$(BUILT_PRODUCTS_DIR)/MailComposer.app/MailComposer";
			};
			name = Debug;
		};
		1C81C73A24CAEB7600747052 /* Release */ = {
			isa = XCBuildConfiguration;
			buildSettings = {
				ALWAYS_EMBED_SWIFT_STANDARD_LIBRARIES = YES;
				BUNDLE_LOADER = "$(TEST_HOST)";
				CODE_SIGN_STYLE = Automatic;
				DEVELOPMENT_TEAM = C9C645VSQP;
				INFOPLIST_FILE = MailComposerTests/Info.plist;
				IPHONEOS_DEPLOYMENT_TARGET = 13.2;
				LD_RUNPATH_SEARCH_PATHS = (
					"$(inherited)",
					"@executable_path/Frameworks",
					"@loader_path/Frameworks",
				);
				PRODUCT_BUNDLE_IDENTIFIER = Philips.OHC.MailComposerTests;
				PRODUCT_NAME = "$(TARGET_NAME)";
				SWIFT_VERSION = 5.0;
				TARGETED_DEVICE_FAMILY = "1,2";
				TEST_HOST = "$(BUILT_PRODUCTS_DIR)/MailComposer.app/MailComposer";
			};
			name = Release;
		};
/* End XCBuildConfiguration section */

/* Begin XCConfigurationList section */
		1C81C71124CAEB7400747052 /* Build configuration list for PBXProject "MailComposer" */ = {
			isa = XCConfigurationList;
			buildConfigurations = (
				1C81C73324CAEB7600747052 /* Debug */,
				1C81C73424CAEB7600747052 /* Release */,
			);
			defaultConfigurationIsVisible = 0;
			defaultConfigurationName = Release;
		};
		1C81C73524CAEB7600747052 /* Build configuration list for PBXNativeTarget "MailComposer" */ = {
			isa = XCConfigurationList;
			buildConfigurations = (
				1C81C73624CAEB7600747052 /* Debug */,
				1C81C73724CAEB7600747052 /* Release */,
			);
			defaultConfigurationIsVisible = 0;
			defaultConfigurationName = Release;
		};
		1C81C73824CAEB7600747052 /* Build configuration list for PBXNativeTarget "MailComposerTests" */ = {
			isa = XCConfigurationList;
			buildConfigurations = (
				1C81C73924CAEB7600747052 /* Debug */,
				1C81C73A24CAEB7600747052 /* Release */,
			);
			defaultConfigurationIsVisible = 0;
			defaultConfigurationName = Release;
		};
/* End XCConfigurationList section */
	};
	rootObject = 1C81C70E24CAEB7400747052 /* Project object */;
}
